
Microsoft Visual Studio Solution File, Format Version 12.00
# Visual Studio Version 16
VisualStudioVersion = 16.0.31112.23
MinimumVisualStudioVersion = 10.0.40219.1
Project("{FAE04EC0-301F-11D3-BF4B-00C04F79EFBC}") = "Giros", "Giros\Giros.csproj", "{2D5F6BDD-F2CE-47F2-9997-CF4435E5D635}"
EndProject
Project("{54435603-DBB4-11D2-8724-00A0C9A8B90C}") = "GirosInstaller", "GirosInstaller\GirosInstaller.vdproj", "{E0B10FD8-2015-4AB7-97EE-BA38125070E1}"
EndProject
Global
	GlobalSection(SolutionConfigurationPlatforms) = preSolution
		Debug|Any CPU = Debug|Any CPU
		Release|Any CPU = Release|Any CPU
	EndGlobalSection
	GlobalSection(ProjectConfigurationPlatforms) = postSolution
		{2D5F6BDD-F2CE-47F2-9997-CF4435E5D635}.Debug|Any CPU.ActiveCfg = Debug|Any CPU
		{2D5F6BDD-F2CE-47F2-9997-CF4435E5D635}.Debug|Any CPU.Build.0 = Debug|Any CPU
		{2D5F6BDD-F2CE-47F2-9997-CF4435E5D635}.Release|Any CPU.ActiveCfg = Release|Any CPU
		{2D5F6BDD-F2CE-47F2-9997-CF4435E5D635}.Release|Any CPU.Build.0 = Release|Any CPU
		{E0B10FD8-2015-4AB7-97EE-BA38125070E1}.Debug|Any CPU.ActiveCfg = Debug
		{E0B10FD8-2015-4AB7-97EE-BA38125070E1}.Release|Any CPU.ActiveCfg = Release
	EndGlobalSection
	GlobalSection(SolutionProperties) = preSolution
		HideSolutionNode = FALSE
	EndGlobalSection
	GlobalSection(ExtensibilityGlobals) = postSolution
		SolutionGuid = {747AEF62-98DC-4733-80A4-B3CCF7E5DD4D}
	EndGlobalSection
EndGlobal
